
Microsoft Visual Studio Solution File, Format Version 12.00
# Visual Studio Version 16
VisualStudioVersion = 16.0.31729.503
MinimumVisualStudioVersion = 10.0.40219.1
Project("{FAE04EC0-301F-11D3-BF4B-00C04F79EFBC}") = "Diplom", "Diplom.csproj", "{B7804A89-426F-43FE-8326-CC4BEFC3CA1B}"
EndProject
Global
	GlobalSection(SolutionConfigurationPlatforms) = preSolution
		Debug|Any CPU = Debug|Any CPU
		Release|Any CPU = Release|Any CPU
	EndGlobalSection
	GlobalSection(ProjectConfigurationPlatforms) = postSolution
		{B7804A89-426F-43FE-8326-CC4BEFC3CA1B}.Debug|Any CPU.ActiveCfg = Debug|Any CPU
		{B7804A89-426F-43FE-8326-CC4BEFC3CA1B}.Debug|Any CPU.Build.0 = Debug|Any CPU
		{B7804A89-426F-43FE-8326-CC4BEFC3CA1B}.Release|Any CPU.ActiveCfg = Release|Any CPU
		{B7804A89-426F-43FE-8326-CC4BEFC3CA1B}.Release|Any CPU.Build.0 = Release|Any CPU
	EndGlobalSection
	GlobalSection(SolutionProperties) = preSolution
		HideSolutionNode = FALSE
	EndGlobalSection
	GlobalSection(ExtensibilityGlobals) = postSolution
		SolutionGuid = {B67358AC-C6E6-4D4F-803B-E94B8A334B85}
	EndGlobalSection
EndGlobal
